// !$*UTF8*$!
{
	archiveVersion = 1;
	classes = {
	};
	objectVersion = 50;
	objects = {

/* Begin PBXBuildFile section */
		283BF7E922BB239A00E82F66 /* AppDelegate.m in Sources */ = {isa = PBXBuildFile; fileRef = 283BF7E822BB239A00E82F66 /* AppDelegate.m */; };
		283BF7EC22BB239A00E82F66 /* ViewController.m in Sources */ = {isa = PBXBuildFile; fileRef = 283BF7EB22BB239A00E82F66 /* ViewController.m */; };
		283BF7EF22BB239A00E82F66 /* Main.storyboard in Resources */ = {isa = PBXBuildFile; fileRef = 283BF7ED22BB239A00E82F66 /* Main.storyboard */; };
		283BF7F122BB239C00E82F66 /* Assets.xcassets in Resources */ = {isa = PBXBuildFile; fileRef = 283BF7F022BB239C00E82F66 /* Assets.xcassets */; };
		283BF7F422BB239C00E82F66 /* LaunchScreen.storyboard in Resources */ = {isa = PBXBuildFile; fileRef = 283BF7F222BB239C00E82F66 /* LaunchScreen.storyboard */; };
		283BF7F722BB239C00E82F66 /* main.m in Sources */ = {isa = PBXBuildFile; fileRef = 283BF7F622BB239C00E82F66 /* main.m */; };
		283BF80322BB23D800E82F66 /* LiveRoomViewController.m in Sources */ = {isa = PBXBuildFile; fileRef = 283BF7FE22BB23D800E82F66 /* LiveRoomViewController.m */; };
		283BF80422BB23D800E82F66 /* VideoViewLayouter.m in Sources */ = {isa = PBXBuildFile; fileRef = 283BF7FF22BB23D800E82F66 /* VideoViewLayouter.m */; };
		283BF80522BB23D800E82F66 /* VideoSession.m in Sources */ = {isa = PBXBuildFile; fileRef = 283BF80222BB23D800E82F66 /* VideoSession.m */; };
		65AA085E595CDDBABC8A00A9 /* Pods_AgoraLiveTestDemo.framework in Frameworks */ = {isa = PBXBuildFile; fileRef = 6317685797CD1B22BF510837 /* Pods_AgoraLiveTestDemo.framework */; };
/* End PBXBuildFile section */

/* Begin PBXFileReference section */
		1EACD5C69D6055F8D23F57C1 /* Pods-AgoraLiveTestDemo.debug.xcconfig */ = {isa = PBXFileReference; includeInIndex = 1; lastKnownFileType = text.xcconfig; name = "Pods-AgoraLiveTestDemo.debug.xcconfig"; path = "Target Support Files/Pods-AgoraLiveTestDemo/Pods-AgoraLiveTestDemo.debug.xcconfig"; sourceTree = "<group>"; };
		283BF7E422BB239A00E82F66 /* AgoraLiveTestDemo.app */ = {isa = PBXFileReference; explicitFileType = wrapper.application; includeInIndex = 0; path = AgoraLiveTestDemo.app; sourceTree = BUILT_PRODUCTS_DIR; };
		283BF7E722BB239A00E82F66 /* AppDelegate.h */ = {isa = PBXFileReference; lastKnownFileType = sourcecode.c.h; path = AppDelegate.h; sourceTree = "<group>"; };
		283BF7E822BB239A00E82F66 /* AppDelegate.m */ = {isa = PBXFileReference; lastKnownFileType = sourcecode.c.objc; path = AppDelegate.m; sourceTree = "<group>"; };
		283BF7EA22BB239A00E82F66 /* ViewController.h */ = {isa = PBXFileReference; lastKnownFileType = sourcecode.c.h; path = ViewController.h; sourceTree = "<group>"; };
		283BF7EB22BB239A00E82F66 /* ViewController.m */ = {isa = PBXFileReference; lastKnownFileType = sourcecode.c.objc; path = ViewController.m; sourceTree = "<group>"; };
		283BF7EE22BB239A00E82F66 /* Base */ = {isa = PBXFileReference; lastKnownFileType = file.storyboard; name = Base; path = Base.lproj/Main.storyboard; sourceTree = "<group>"; };
		283BF7F022BB239C00E82F66 /* Assets.xcassets */ = {isa = PBXFileReference; lastKnownFileType = folder.assetcatalog; path = Assets.xcassets; sourceTree = "<group>"; };
		283BF7F322BB239C00E82F66 /* Base */ = {isa = PBXFileReference; lastKnownFileType = file.storyboard; name = Base; path = Base.lproj/LaunchScreen.storyboard; sourceTree = "<group>"; };
		283BF7F522BB239C00E82F66 /* Info.plist */ = {isa = PBXFileReference; lastKnownFileType = text.plist.xml; path = Info.plist; sourceTree = "<group>"; };
		283BF7F622BB239C00E82F66 /* main.m */ = {isa = PBXFileReference; lastKnownFileType = sourcecode.c.objc; path = main.m; sourceTree = "<group>"; };
		283BF7FD22BB23D800E82F66 /* VideoSession.h */ = {isa = PBXFileReference; fileEncoding = 4; lastKnownFileType = sourcecode.c.h; path = VideoSession.h; sourceTree = "<group>"; };
		283BF7FE22BB23D800E82F66 /* LiveRoomViewController.m */ = {isa = PBXFileReference; fileEncoding = 4; lastKnownFileType = sourcecode.c.objc; path = LiveRoomViewController.m; sourceTree = "<group>"; };
		283BF7FF22BB23D800E82F66 /* VideoViewLayouter.m */ = {isa = PBXFileReference; fileEncoding = 4; lastKnownFileType = sourcecode.c.objc; path = VideoViewLayouter.m; sourceTree = "<group>"; };
		283BF80022BB23D800E82F66 /* LiveRoomViewController.h */ = {isa = PBXFileReference; fileEncoding = 4; lastKnownFileType = sourcecode.c.h; path = LiveRoomViewController.h; sourceTree = "<group>"; };
		283BF80122BB23D800E82F66 /* VideoViewLayouter.h */ = {isa = PBXFileReference; fileEncoding = 4; lastKnownFileType = sourcecode.c.h; path = VideoViewLayouter.h; sourceTree = "<group>"; };
		283BF80222BB23D800E82F66 /* VideoSession.m */ = {isa = PBXFileReference; fileEncoding = 4; lastKnownFileType = sourcecode.c.objc; path = VideoSession.m; sourceTree = "<group>"; };
		6317685797CD1B22BF510837 /* Pods_AgoraLiveTestDemo.framework */ = {isa = PBXFileReference; explicitFileType = wrapper.framework; includeInIndex = 0; path = Pods_AgoraLiveTestDemo.framework; sourceTree = BUILT_PRODUCTS_DIR; };
		DC06C8735C1E5750DA8DDED2 /* Pods-AgoraLiveTestDemo.release.xcconfig */ = {isa = PBXFileReference; includeInIndex = 1; lastKnownFileType = text.xcconfig; name = "Pods-AgoraLiveTestDemo.release.xcconfig"; path = "Target Support Files/Pods-AgoraLiveTestDemo/Pods-AgoraLiveTestDemo.release.xcconfig"; sourceTree = "<group>"; };
/* End PBXFileReference section */

/* Begin PBXFrameworksBuildPhase section */
		283BF7E122BB239A00E82F66 /* Frameworks */ = {
			isa = PBXFrameworksBuildPhase;
			buildActionMask = 2147483647;
			files = (
				65AA085E595CDDBABC8A00A9 /* Pods_AgoraLiveTestDemo.framework in Frameworks */,
			);
			runOnlyForDeploymentPostprocessing = 0;
		};
/* End PBXFrameworksBuildPhase section */

/* Begin PBXGroup section */
		283BF7DB22BB239A00E82F66 = {
			isa = PBXGroup;
			children = (
				283BF7E622BB239A00E82F66 /* AgoraLiveTestDemo */,
				283BF7E522BB239A00E82F66 /* Products */,
				2FC385961A14B6B16F861349 /* Pods */,
				EC0E593A9EDE4C1418B92690 /* Frameworks */,
			);
			sourceTree = "<group>";
		};
		283BF7E522BB239A00E82F66 /* Products */ = {
			isa = PBXGroup;
			children = (
				283BF7E422BB239A00E82F66 /* AgoraLiveTestDemo.app */,
			);
			name = Products;
			sourceTree = "<group>";
		};
		283BF7E622BB239A00E82F66 /* AgoraLiveTestDemo */ = {
			isa = PBXGroup;
			children = (
				283BF7E722BB239A00E82F66 /* AppDelegate.h */,
				283BF7E822BB239A00E82F66 /* AppDelegate.m */,
				283BF7EA22BB239A00E82F66 /* ViewController.h */,
				283BF7EB22BB239A00E82F66 /* ViewController.m */,
				283BF80022BB23D800E82F66 /* LiveRoomViewController.h */,
				283BF7FE22BB23D800E82F66 /* LiveRoomViewController.m */,
				283BF7FD22BB23D800E82F66 /* VideoSession.h */,
				283BF80222BB23D800E82F66 /* VideoSession.m */,
				283BF80122BB23D800E82F66 /* VideoViewLayouter.h */,
				283BF7FF22BB23D800E82F66 /* VideoViewLayouter.m */,
				283BF7ED22BB239A00E82F66 /* Main.storyboard */,
				283BF7F022BB239C00E82F66 /* Assets.xcassets */,
				283BF7F222BB239C00E82F66 /* LaunchScreen.storyboard */,
				283BF7F522BB239C00E82F66 /* Info.plist */,
				283BF7F622BB239C00E82F66 /* main.m */,
			);
			path = AgoraLiveTestDemo;
			sourceTree = "<group>";
		};
		2FC385961A14B6B16F861349 /* Pods */ = {
			isa = PBXGroup;
			children = (
				1EACD5C69D6055F8D23F57C1 /* Pods-AgoraLiveTestDemo.debug.xcconfig */,
				DC06C8735C1E5750DA8DDED2 /* Pods-AgoraLiveTestDemo.release.xcconfig */,
			);
			path = Pods;
			sourceTree = "<group>";
		};
		EC0E593A9EDE4C1418B92690 /* Frameworks */ = {
			isa = PBXGroup;
			children = (
				6317685797CD1B22BF510837 /* Pods_AgoraLiveTestDemo.framework */,
			);
			name = Frameworks;
			sourceTree = "<group>";
		};
/* End PBXGroup section */

/* Begin PBXNativeTarget section */
		283BF7E322BB239A00E82F66 /* AgoraLiveTestDemo */ = {
			isa = PBXNativeTarget;
			buildConfigurationList = 283BF7FA22BB239C00E82F66 /* Build configuration list for PBXNativeTarget "AgoraLiveTestDemo" */;
			buildPhases = (
				62032073E57F738E6E8EDEF5 /* [CP] Check Pods Manifest.lock */,
				283BF7E022BB239A00E82F66 /* Sources */,
				283BF7E122BB239A00E82F66 /* Frameworks */,
				283BF7E222BB239A00E82F66 /* Resources */,
			);
			buildRules = (
			);
			dependencies = (
			);
			name = AgoraLiveTestDemo;
			productName = AgoraLiveTestDemo;
			productReference = 283BF7E422BB239A00E82F66 /* AgoraLiveTestDemo.app */;
			productType = "com.apple.product-type.application";
		};
/* End PBXNativeTarget section */

/* Begin PBXProject section */
		283BF7DC22BB239A00E82F66 /* Project object */ = {
			isa = PBXProject;
			attributes = {
				LastUpgradeCheck = 1020;
				ORGANIZATIONNAME = 1;
				TargetAttributes = {
					283BF7E322BB239A00E82F66 = {
						CreatedOnToolsVersion = 10.2.1;
					};
				};
			};
			buildConfigurationList = 283BF7DF22BB239A00E82F66 /* Build configuration list for PBXProject "AgoraLiveTestDemo" */;
			compatibilityVersion = "Xcode 9.3";
			developmentRegion = en;
			hasScannedForEncodings = 0;
			knownRegions = (
				en,
				Base,
			);
			mainGroup = 283BF7DB22BB239A00E82F66;
			productRefGroup = 283BF7E522BB239A00E82F66 /* Products */;
			projectDirPath = "";
			projectRoot = "";
			targets = (
				283BF7E322BB239A00E82F66 /* AgoraLiveTestDemo */,
			);
		};
/* End PBXProject section */

/* Begin PBXResourcesBuildPhase section */
		283BF7E222BB239A00E82F66 /* Resources */ = {
			isa = PBXResourcesBuildPhase;
			buildActionMask = 2147483647;
			files = (
				283BF7F422BB239C00E82F66 /* LaunchScreen.storyboard in Resources */,
				283BF7F122BB239C00E82F66 /* Assets.xcassets in Resources */,
				283BF7EF22BB239A00E82F66 /* Main.storyboard in Resources */,
			);
			runOnlyForDeploymentPostprocessing = 0;
		};
/* End PBXResourcesBuildPhase section */

/* Begin PBXShellScriptBuildPhase section */
		62032073E57F738E6E8EDEF5 /* [CP] Check Pods Manifest.lock */ = {
			isa = PBXShellScriptBuildPhase;
			buildActionMask = 2147483647;
			files = (
			);
			inputFileListPaths = (
			);
			inputPaths = (
				"${PODS_PODFILE_DIR_PATH}/Podfile.lock",
				"${PODS_ROOT}/Manifest.lock",
			);
			name = "[CP] Check Pods Manifest.lock";
			outputFileListPaths = (
			);
			outputPaths = (
				"$(DERIVED_FILE_DIR)/Pods-AgoraLiveTestDemo-checkManifestLockResult.txt",
			);
			runOnlyForDeploymentPostprocessing = 0;
			shellPath = /bin/sh;
			shellScript = "diff \"${PODS_PODFILE_DIR_PATH}/Podfile.lock\" \"${PODS_ROOT}/Manifest.lock\" > /dev/null\nif [ $? != 0 ] ; then\n    # print error to STDERR\n    echo \"error: The sandbox is not in sync with the Podfile.lock. Run 'pod install' or update your CocoaPods installation.\" >&2\n    exit 1\nfi\n# This output is used by Xcode 'outputs' to avoid re-running this script phase.\necho \"SUCCESS\" > \"${SCRIPT_OUTPUT_FILE_0}\"\n";
			showEnvVarsInLog = 0;
		};
/* End PBXShellScriptBuildPhase section */

/* Begin PBXSourcesBuildPhase section */
		283BF7E022BB239A00E82F66 /* Sources */ = {
			isa = PBXSourcesBuildPhase;
			buildActionMask = 2147483647;
			files = (
				283BF7EC22BB239A00E82F66 /* ViewController.m in Sources */,
				283BF7F722BB239C00E82F66 /* main.m in Sources */,
				283BF80422BB23D800E82F66 /* VideoViewLayouter.m in Sources */,
				283BF7E922BB239A00E82F66 /* AppDelegate.m in Sources */,
				283BF80522BB23D800E82F66 /* VideoSession.m in Sources */,
				283BF80322BB23D800E82F66 /* LiveRoomViewController.m in Sources */,
			);
			runOnlyForDeploymentPostprocessing = 0;
		};
/* End PBXSourcesBuildPhase section */

/* Begin PBXVariantGroup section */
		283BF7ED22BB239A00E82F66 /* Main.storyboard */ = {
			isa = PBXVariantGroup;
			children = (
				283BF7EE22BB239A00E82F66 /* Base */,
			);
			name = Main.storyboard;
			sourceTree = "<group>";
		};
		283BF7F222BB239C00E82F66 /* LaunchScreen.storyboard */ = {
			isa = PBXVariantGroup;
			children = (
				283BF7F322BB239C00E82F66 /* Base */,
			);
			name = LaunchScreen.storyboard;
			sourceTree = "<group>";
		};
/* End PBXVariantGroup section */

/* Begin XCBuildConfiguration section */
		283BF7F822BB239C00E82F66 /* Debug */ = {
			isa = XCBuildConfiguration;
			buildSettings = {
				ALWAYS_SEARCH_USER_PATHS = NO;
				CLANG_ANALYZER_NONNULL = YES;
				CLANG_ANALYZER_NUMBER_OBJECT_CONVERSION = YES_AGGRESSIVE;
				CLANG_CXX_LANGUAGE_STANDARD = "gnu++14";
				CLANG_CXX_LIBRARY = "libc++";
				CLANG_ENABLE_MODULES = YES;
				CLANG_ENABLE_OBJC_ARC = YES;
				CLANG_ENABLE_OBJC_WEAK = YES;
				CLANG_WARN_BLOCK_CAPTURE_AUTORELEASING = YES;
				CLANG_WARN_BOOL_CONVERSION = YES;
				CLANG_WARN_COMMA = YES;
				CLANG_WARN_CONSTANT_CONVERSION = YES;
				CLANG_WARN_DEPRECATED_OBJC_IMPLEMENTATIONS = YES;
				CLANG_WARN_DIRECT_OBJC_ISA_USAGE = YES_ERROR;
				CLANG_WARN_DOCUMENTATION_COMMENTS = YES;
				CLANG_WARN_EMPTY_BODY = YES;
				CLANG_WARN_ENUM_CONVERSION = YES;
				CLANG_WARN_INFINITE_RECURSION = YES;
				CLANG_WARN_INT_CONVERSION = YES;
				CLANG_WARN_NON_LITERAL_NULL_CONVERSION = YES;
				CLANG_WARN_OBJC_IMPLICIT_RETAIN_SELF = YES;
				CLANG_WARN_OBJC_LITERAL_CONVERSION = YES;
				CLANG_WARN_OBJC_ROOT_CLASS = YES_ERROR;
				CLANG_WARN_RANGE_LOOP_ANALYSIS = YES;
				CLANG_WARN_STRICT_PROTOTYPES = YES;
				CLANG_WARN_SUSPICIOUS_MOVE = YES;
				CLANG_WARN_UNGUARDED_AVAILABILITY = YES_AGGRESSIVE;
				CLANG_WARN_UNREACHABLE_CODE = YES;
				CLANG_WARN__DUPLICATE_METHOD_MATCH = YES;
				CODE_SIGN_IDENTITY = "iPhone Developer";
				COPY_PHASE_STRIP = NO;
				DEBUG_INFORMATION_FORMAT = dwarf;
				ENABLE_STRICT_OBJC_MSGSEND = YES;
				ENABLE_TESTABILITY = YES;
				GCC_C_LANGUAGE_STANDARD = gnu11;
				GCC_DYNAMIC_NO_PIC = NO;
				GCC_NO_COMMON_BLOCKS = YES;
				GCC_OPTIMIZATION_LEVEL = 0;
				GCC_PREPROCESSOR_DEFINITIONS = (
					"DEBUG=1",
					"$(inherited)",
				);
				GCC_WARN_64_TO_32_BIT_CONVERSION = YES;
				GCC_WARN_ABOUT_RETURN_TYPE = YES_ERROR;
				GCC_WARN_UNDECLARED_SELECTOR = YES;
				GCC_WARN_UNINITIALIZED_AUTOS = YES_AGGRESSIVE;
				GCC_WARN_UNUSED_FUNCTION = YES;
				GCC_WARN_UNUSED_VARIABLE = YES;
				IPHONEOS_DEPLOYMENT_TARGET = 12.2;
				MTL_ENABLE_DEBUG_INFO = INCLUDE_SOURCE;
				MTL_FAST_MATH = YES;
				ONLY_ACTIVE_ARCH = YES;
				SDKROOT = iphoneos;
			};
			name = Debug;
		};
		283BF7F922BB239C00E82F66 /* Release */ = {
			isa = XCBuildConfiguration;
			buildSettings = {
				ALWAYS_SEARCH_USER_PATHS = NO;
				CLANG_ANALYZER_NONNULL = YES;
				CLANG_ANALYZER_NUMBER_OBJECT_CONVERSION = YES_AGGRESSIVE;
				CLANG_CXX_LANGUAGE_STANDARD = "gnu++14";
				CLANG_CXX_LIBRARY = "libc++";
				CLANG_ENABLE_MODULES = YES;
				CLANG_ENABLE_OBJC_ARC = YES;
				CLANG_ENABLE_OBJC_WEAK = YES;
				CLANG_WARN_BLOCK_CAPTURE_AUTORELEASING = YES;
				CLANG_WARN_BOOL_CONVERSION = YES;
				CLANG_WARN_COMMA = YES;
				CLANG_WARN_CONSTANT_CONVERSION = YES;
				CLANG_WARN_DEPRECATED_OBJC_IMPLEMENTATIONS = YES;
				CLANG_WARN_DIRECT_OBJC_ISA_USAGE = YES_ERROR;
				CLANG_WARN_DOCUMENTATION_COMMENTS = YES;
				CLANG_WARN_EMPTY_BODY = YES;
				CLANG_WARN_ENUM_CONVERSION = YES;
				CLANG_WARN_INFINITE_RECURSION = YES;
				CLANG_WARN_INT_CONVERSION = YES;
				CLANG_WARN_NON_LITERAL_NULL_CONVERSION = YES;
				CLANG_WARN_OBJC_IMPLICIT_RETAIN_SELF = YES;
				CLANG_WARN_OBJC_LITERAL_CONVERSION = YES;
				CLANG_WARN_OBJC_ROOT_CLASS = YES_ERROR;
				CLANG_WARN_RANGE_LOOP_ANALYSIS = YES;
				CLANG_WARN_STRICT_PROTOTYPES = YES;
				CLANG_WARN_SUSPICIOUS_MOVE = YES;
				CLANG_WARN_UNGUARDED_AVAILABILITY = YES_AGGRESSIVE;
				CLANG_WARN_UNREACHABLE_CODE = YES;
				CLANG_WARN__DUPLICATE_METHOD_MATCH = YES;
				CODE_SIGN_IDENTITY = "iPhone Developer";
				COPY_PHASE_STRIP = NO;
				DEBUG_INFORMATION_FORMAT = "dwarf-with-dsym";
				ENABLE_NS_ASSERTIONS = NO;
				ENABLE_STRICT_OBJC_MSGSEND = YES;
				GCC_C_LANGUAGE_STANDARD = gnu11;
				GCC_NO_COMMON_BLOCKS = YES;
				GCC_WARN_64_TO_32_BIT_CONVERSION = YES;
				GCC_WARN_ABOUT_RETURN_TYPE = YES_ERROR;
				GCC_WARN_UNDECLARED_SELECTOR = YES;
				GCC_WARN_UNINITIALIZED_AUTOS = YES_AGGRESSIVE;
				GCC_WARN_UNUSED_FUNCTION = YES;
				GCC_WARN_UNUSED_VARIABLE = YES;
				IPHONEOS_DEPLOYMENT_TARGET = 12.2;
				MTL_ENABLE_DEBUG_INFO = NO;
				MTL_FAST_MATH = YES;
				SDKROOT = iphoneos;
				VALIDATE_PRODUCT = YES;
			};
			name = Release;
		};
		283BF7FB22BB239C00E82F66 /* Debug */ = {
			isa = XCBuildConfiguration;
			baseConfigurationReference = 1EACD5C69D6055F8D23F57C1 /* Pods-AgoraLiveTestDemo.debug.xcconfig */;
			buildSettings = {
				ASSETCATALOG_COMPILER_APPICON_NAME = AppIcon;
				CODE_SIGN_STYLE = Automatic;
				DEVELOPMENT_TEAM = NCZ9774739;
				INFOPLIST_FILE = AgoraLiveTestDemo/Info.plist;
				LD_RUNPATH_SEARCH_PATHS = (
					"$(inherited)",
					"@executable_path/Frameworks",
				);
				PRODUCT_BUNDLE_IDENTIFIER = iOS.AgoraLiveTestDemo;
				PRODUCT_NAME = "$(TARGET_NAME)";
				TARGETED_DEVICE_FAMILY = "1,2";
			};
			name = Debug;
		};
		283BF7FC22BB239C00E82F66 /* Release */ = {
			isa = XCBuildConfiguration;
			baseConfigurationReference = DC06C8735C1E5750DA8DDED2 /* Pods-AgoraLiveTestDemo.release.xcconfig */;
			buildSettings = {
				ASSETCATALOG_COMPILER_APPICON_NAME = AppIcon;
				CODE_SIGN_STYLE = Automatic;
				DEVELOPMENT_TEAM = NCZ9774739;
				INFOPLIST_FILE = AgoraLiveTestDemo/Info.plist;
				LD_RUNPATH_SEARCH_PATHS = (
					"$(inherited)",
					"@executable_path/Frameworks",
				);
				PRODUCT_BUNDLE_IDENTIFIER = iOS.AgoraLiveTestDemo;
				PRODUCT_NAME = "$(TARGET_NAME)";
				TARGETED_DEVICE_FAMILY = "1,2";
			};
			name = Release;
		};
/* End XCBuildConfiguration section */

/* Begin XCConfigurationList section */
		283BF7DF22BB239A00E82F66 /* Build configuration list for PBXProject "AgoraLiveTestDemo" */ = {
			isa = XCConfigurationList;
			buildConfigurations = (
				283BF7F822BB239C00E82F66 /* Debug */,
				283BF7F922BB239C00E82F66 /* Release */,
			);
			defaultConfigurationIsVisible = 0;
			defaultConfigurationName = Release;
		};
		283BF7FA22BB239C00E82F66 /* Build configuration list for PBXNativeTarget "AgoraLiveTestDemo" */ = {
			isa = XCConfigurationList;
			buildConfigurations = (
				283BF7FB22BB239C00E82F66 /* Debug */,
				283BF7FC22BB239C00E82F66 /* Release */,
			);
			defaultConfigurationIsVisible = 0;
			defaultConfigurationName = Release;
		};
/* End XCConfigurationList section */
	};
	rootObject = 283BF7DC22BB239A00E82F66 /* Project object */;
}
